
Microsoft Visual Studio Solution File, Format Version 12.00
Project("{FAE04EC0-301F-11D3-BF4B-00C04F79EFBC}") = "CowEngine", "CowEngine\CowEngine.csproj", "{1D66E099-E162-43EC-A4E1-6D022756C6F0}"
EndProject
Project("{FAE04EC0-301F-11D3-BF4B-00C04F79EFBC}") = "Cowject", "Cowject\Cowject.csproj", "{0A750299-CA71-4742-B2FC-8BD47F8D80FC}"
EndProject
Project("{FAE04EC0-301F-11D3-BF4B-00C04F79EFBC}") = "CowLibrary", "CowLibrary\CowLibrary.csproj", "{0F5FD226-EBC5-457C-B740-B2673FCB6B9B}"
EndProject
Project("{FAE04EC0-301F-11D3-BF4B-00C04F79EFBC}") = "ImageWorker", "ImageWorker\ImageWorker.csproj", "{79594A69-BAE1-419F-908B-C47ABA6BB296}"
EndProject
Project("{FAE04EC0-301F-11D3-BF4B-00C04F79EFBC}") = "CjClutter.ObjLoader.Loader", "CjClutter.ObjLoader.Loader\CjClutter.ObjLoader.Loader.csproj", "{11032440-6431-44C3-8D8E-008CB3B76735}"
EndProject
Project("{FAE04EC0-301F-11D3-BF4B-00C04F79EFBC}") = "CjClutter.ObjLoader.Test", "CjClutter.ObjLoader.Test\CjClutter.ObjLoader.Test.csproj", "{5F0D0E1C-1DC3-4059-B746-31155FB1E9CD}"
EndProject
Project("{FAE04EC0-301F-11D3-BF4B-00C04F79EFBC}") = "ObjWorker", "ObjWorker\ObjWorker.csproj", "{CEB990B0-BE40-48E3-9C1D-6314B5C2F618}"
EndProject
Project("{FAE04EC0-301F-11D3-BF4B-00C04F79EFBC}") = "PngWorker", "PngWorker\PngWorker.csproj", "{CB3D6C31-3441-4E45-B908-6C26FD6E33FC}"
EndProject
Project("{FAE04EC0-301F-11D3-BF4B-00C04F79EFBC}") = "CowTest", "CowTest\CowTest.csproj", "{198991F7-5494-482F-831C-DAB464C2320D}"
EndProject
Global
	GlobalSection(SolutionConfigurationPlatforms) = preSolution
		Debug|Any CPU = Debug|Any CPU
		Release|Any CPU = Release|Any CPU
	EndGlobalSection
	GlobalSection(ProjectConfigurationPlatforms) = postSolution
		{1D66E099-E162-43EC-A4E1-6D022756C6F0}.Debug|Any CPU.ActiveCfg = Debug|Any CPU
		{1D66E099-E162-43EC-A4E1-6D022756C6F0}.Debug|Any CPU.Build.0 = Debug|Any CPU
		{1D66E099-E162-43EC-A4E1-6D022756C6F0}.Release|Any CPU.ActiveCfg = Release|Any CPU
		{1D66E099-E162-43EC-A4E1-6D022756C6F0}.Release|Any CPU.Build.0 = Release|Any CPU
		{0A750299-CA71-4742-B2FC-8BD47F8D80FC}.Debug|Any CPU.ActiveCfg = Debug|Any CPU
		{0A750299-CA71-4742-B2FC-8BD47F8D80FC}.Debug|Any CPU.Build.0 = Debug|Any CPU
		{0A750299-CA71-4742-B2FC-8BD47F8D80FC}.Release|Any CPU.ActiveCfg = Release|Any CPU
		{0A750299-CA71-4742-B2FC-8BD47F8D80FC}.Release|Any CPU.Build.0 = Release|Any CPU
		{0F5FD226-EBC5-457C-B740-B2673FCB6B9B}.Debug|Any CPU.ActiveCfg = Debug|Any CPU
		{0F5FD226-EBC5-457C-B740-B2673FCB6B9B}.Debug|Any CPU.Build.0 = Debug|Any CPU
		{0F5FD226-EBC5-457C-B740-B2673FCB6B9B}.Release|Any CPU.ActiveCfg = Release|Any CPU
		{0F5FD226-EBC5-457C-B740-B2673FCB6B9B}.Release|Any CPU.Build.0 = Release|Any CPU
		{79594A69-BAE1-419F-908B-C47ABA6BB296}.Debug|Any CPU.ActiveCfg = Debug|Any CPU
		{79594A69-BAE1-419F-908B-C47ABA6BB296}.Debug|Any CPU.Build.0 = Debug|Any CPU
		{79594A69-BAE1-419F-908B-C47ABA6BB296}.Release|Any CPU.ActiveCfg = Release|Any CPU
		{79594A69-BAE1-419F-908B-C47ABA6BB296}.Release|Any CPU.Build.0 = Release|Any CPU
		{11032440-6431-44C3-8D8E-008CB3B76735}.Debug|Any CPU.ActiveCfg = Debug|Any CPU
		{11032440-6431-44C3-8D8E-008CB3B76735}.Debug|Any CPU.Build.0 = Debug|Any CPU
		{11032440-6431-44C3-8D8E-008CB3B76735}.Release|Any CPU.ActiveCfg = Release|Any CPU
		{11032440-6431-44C3-8D8E-008CB3B76735}.Release|Any CPU.Build.0 = Release|Any CPU
		{5F0D0E1C-1DC3-4059-B746-31155FB1E9CD}.Debug|Any CPU.ActiveCfg = Debug|Any CPU
		{5F0D0E1C-1DC3-4059-B746-31155FB1E9CD}.Debug|Any CPU.Build.0 = Debug|Any CPU
		{5F0D0E1C-1DC3-4059-B746-31155FB1E9CD}.Release|Any CPU.ActiveCfg = Release|Any CPU
		{5F0D0E1C-1DC3-4059-B746-31155FB1E9CD}.Release|Any CPU.Build.0 = Release|Any CPU
		{CEB990B0-BE40-48E3-9C1D-6314B5C2F618}.Debug|Any CPU.ActiveCfg = Debug|Any CPU
		{CEB990B0-BE40-48E3-9C1D-6314B5C2F618}.Debug|Any CPU.Build.0 = Debug|Any CPU
		{CEB990B0-BE40-48E3-9C1D-6314B5C2F618}.Release|Any CPU.ActiveCfg = Release|Any CPU
		{CEB990B0-BE40-48E3-9C1D-6314B5C2F618}.Release|Any CPU.Build.0 = Release|Any CPU
		{CB3D6C31-3441-4E45-B908-6C26FD6E33FC}.Debug|Any CPU.ActiveCfg = Debug|Any CPU
		{CB3D6C31-3441-4E45-B908-6C26FD6E33FC}.Debug|Any CPU.Build.0 = Debug|Any CPU
		{CB3D6C31-3441-4E45-B908-6C26FD6E33FC}.Release|Any CPU.ActiveCfg = Release|Any CPU
		{CB3D6C31-3441-4E45-B908-6C26FD6E33FC}.Release|Any CPU.Build.0 = Release|Any CPU
		{198991F7-5494-482F-831C-DAB464C2320D}.Debug|Any CPU.ActiveCfg = Debug|Any CPU
		{198991F7-5494-482F-831C-DAB464C2320D}.Debug|Any CPU.Build.0 = Debug|Any CPU
		{198991F7-5494-482F-831C-DAB464C2320D}.Release|Any CPU.ActiveCfg = Release|Any CPU
		{198991F7-5494-482F-831C-DAB464C2320D}.Release|Any CPU.Build.0 = Release|Any CPU
	EndGlobalSection
EndGlobal
