
Microsoft Visual Studio Solution File, Format Version 12.00
Project("{FAE04EC0-301F-11D3-BF4B-00C04F79EFBC}") = "cow-engine", "cow-engine\cow-engine.csproj", "{1D66E099-E162-43EC-A4E1-6D022756C6F0}"
EndProject
Project("{FAE04EC0-301F-11D3-BF4B-00C04F79EFBC}") = "Cowject", "Cowject\Cowject.csproj", "{0A750299-CA71-4742-B2FC-8BD47F8D80FC}"
EndProject
Project("{FAE04EC0-301F-11D3-BF4B-00C04F79EFBC}") = "CowLibrary", "CowLibrary\CowLibrary.csproj", "{0F5FD226-EBC5-457C-B740-B2673FCB6B9B}"
EndProject
Project("{FAE04EC0-301F-11D3-BF4B-00C04F79EFBC}") = "ImageWorker", "ImageWorker\ImageWorker.csproj", "{79594A69-BAE1-419F-908B-C47ABA6BB296}"
EndProject
Project("{FAE04EC0-301F-11D3-BF4B-00C04F79EFBC}") = "PngConverter", "PngConverter\PngConverter.csproj", "{C6C6957E-E33B-48B3-81A9-00DE3F8E0887}"
EndProject
Global
	GlobalSection(SolutionConfigurationPlatforms) = preSolution
		Debug|Any CPU = Debug|Any CPU
		Release|Any CPU = Release|Any CPU
	EndGlobalSection
	GlobalSection(ProjectConfigurationPlatforms) = postSolution
		{1D66E099-E162-43EC-A4E1-6D022756C6F0}.Debug|Any CPU.ActiveCfg = Debug|Any CPU
		{1D66E099-E162-43EC-A4E1-6D022756C6F0}.Debug|Any CPU.Build.0 = Debug|Any CPU
		{1D66E099-E162-43EC-A4E1-6D022756C6F0}.Release|Any CPU.ActiveCfg = Release|Any CPU
		{1D66E099-E162-43EC-A4E1-6D022756C6F0}.Release|Any CPU.Build.0 = Release|Any CPU
		{0A750299-CA71-4742-B2FC-8BD47F8D80FC}.Debug|Any CPU.ActiveCfg = Debug|Any CPU
		{0A750299-CA71-4742-B2FC-8BD47F8D80FC}.Debug|Any CPU.Build.0 = Debug|Any CPU
		{0A750299-CA71-4742-B2FC-8BD47F8D80FC}.Release|Any CPU.ActiveCfg = Release|Any CPU
		{0A750299-CA71-4742-B2FC-8BD47F8D80FC}.Release|Any CPU.Build.0 = Release|Any CPU
		{0F5FD226-EBC5-457C-B740-B2673FCB6B9B}.Debug|Any CPU.ActiveCfg = Debug|Any CPU
		{0F5FD226-EBC5-457C-B740-B2673FCB6B9B}.Debug|Any CPU.Build.0 = Debug|Any CPU
		{0F5FD226-EBC5-457C-B740-B2673FCB6B9B}.Release|Any CPU.ActiveCfg = Release|Any CPU
		{0F5FD226-EBC5-457C-B740-B2673FCB6B9B}.Release|Any CPU.Build.0 = Release|Any CPU
		{79594A69-BAE1-419F-908B-C47ABA6BB296}.Debug|Any CPU.ActiveCfg = Debug|Any CPU
		{79594A69-BAE1-419F-908B-C47ABA6BB296}.Debug|Any CPU.Build.0 = Debug|Any CPU
		{79594A69-BAE1-419F-908B-C47ABA6BB296}.Release|Any CPU.ActiveCfg = Release|Any CPU
		{79594A69-BAE1-419F-908B-C47ABA6BB296}.Release|Any CPU.Build.0 = Release|Any CPU
		{C6C6957E-E33B-48B3-81A9-00DE3F8E0887}.Debug|Any CPU.ActiveCfg = Debug|Any CPU
		{C6C6957E-E33B-48B3-81A9-00DE3F8E0887}.Debug|Any CPU.Build.0 = Debug|Any CPU
		{C6C6957E-E33B-48B3-81A9-00DE3F8E0887}.Release|Any CPU.ActiveCfg = Release|Any CPU
		{C6C6957E-E33B-48B3-81A9-00DE3F8E0887}.Release|Any CPU.Build.0 = Release|Any CPU
	EndGlobalSection
EndGlobal
